
Microsoft Visual Studio Solution File, Format Version 12.00
# Visual Studio Version 17
VisualStudioVersion = 17.6.33815.320
MinimumVisualStudioVersion = 10.0.40219.1
Project("{FAE04EC0-301F-11D3-BF4B-00C04F79EFBC}") = "USBUser", "USBUser.csproj", "{A13F83BD-9B7B-4F4D-BCA9-B9589567798B}"
EndProject
Global
	GlobalSection(SolutionConfigurationPlatforms) = preSolution
		Debug|Any CPU = Debug|Any CPU
		Release|Any CPU = Release|Any CPU
	EndGlobalSection
	GlobalSection(ProjectConfigurationPlatforms) = postSolution
		{A13F83BD-9B7B-4F4D-BCA9-B9589567798B}.Debug|Any CPU.ActiveCfg = Debug|Any CPU
		{A13F83BD-9B7B-4F4D-BCA9-B9589567798B}.Debug|Any CPU.Build.0 = Debug|Any CPU
		{A13F83BD-9B7B-4F4D-BCA9-B9589567798B}.Release|Any CPU.ActiveCfg = Release|Any CPU
		{A13F83BD-9B7B-4F4D-BCA9-B9589567798B}.Release|Any CPU.Build.0 = Release|Any CPU
	EndGlobalSection
	GlobalSection(SolutionProperties) = preSolution
		HideSolutionNode = FALSE
	EndGlobalSection
	GlobalSection(ExtensibilityGlobals) = postSolution
		SolutionGuid = {C8D812CE-E47F-41DA-883E-37797B628EA9}
	EndGlobalSection
EndGlobal
